
Microsoft Visual Studio Solution File, Format Version 12.00
# Visual Studio Version 17
VisualStudioVersion = 17.10.35122.118
MinimumVisualStudioVersion = 10.0.40219.1
Project("{FAE04EC0-301F-11D3-BF4B-00C04F79EFBC}") = "SharpNEX.Editor", "SharpNEX.Editor.csproj", "{4A5049A7-8D64-4444-8C62-771D930B6784}"
EndProject
Project("{FAE04EC0-301F-11D3-BF4B-00C04F79EFBC}") = "DockPanelController", "..\DockPanelController\DockPanelController.csproj", "{F9264446-0B7B-43FD-83A0-F1B8DD66B231}"
EndProject
Project("{FAE04EC0-301F-11D3-BF4B-00C04F79EFBC}") = "SharpNEX.Editor.UI", "..\SharpNEX.Editor.UI\SharpNEX.Editor.UI.csproj", "{F1AB6B46-89FC-4A99-B39E-1E7CCD056E54}"
EndProject
Project("{FAE04EC0-301F-11D3-BF4B-00C04F79EFBC}") = "SharpNEX.Engine", "..\SharpNEX.Engine\SharpNEX.Engine.csproj", "{8C7973F8-564A-4484-938F-09A02616E5EA}"
EndProject
Global
	GlobalSection(SolutionConfigurationPlatforms) = preSolution
		Debug|Any CPU = Debug|Any CPU
		Release|Any CPU = Release|Any CPU
	EndGlobalSection
	GlobalSection(ProjectConfigurationPlatforms) = postSolution
		{4A5049A7-8D64-4444-8C62-771D930B6784}.Debug|Any CPU.ActiveCfg = Debug|Any CPU
		{4A5049A7-8D64-4444-8C62-771D930B6784}.Debug|Any CPU.Build.0 = Debug|Any CPU
		{4A5049A7-8D64-4444-8C62-771D930B6784}.Release|Any CPU.ActiveCfg = Release|Any CPU
		{4A5049A7-8D64-4444-8C62-771D930B6784}.Release|Any CPU.Build.0 = Release|Any CPU
		{F9264446-0B7B-43FD-83A0-F1B8DD66B231}.Debug|Any CPU.ActiveCfg = Debug|Any CPU
		{F9264446-0B7B-43FD-83A0-F1B8DD66B231}.Debug|Any CPU.Build.0 = Debug|Any CPU
		{F9264446-0B7B-43FD-83A0-F1B8DD66B231}.Release|Any CPU.ActiveCfg = Release|Any CPU
		{F9264446-0B7B-43FD-83A0-F1B8DD66B231}.Release|Any CPU.Build.0 = Release|Any CPU
		{F1AB6B46-89FC-4A99-B39E-1E7CCD056E54}.Debug|Any CPU.ActiveCfg = Debug|Any CPU
		{F1AB6B46-89FC-4A99-B39E-1E7CCD056E54}.Debug|Any CPU.Build.0 = Debug|Any CPU
		{F1AB6B46-89FC-4A99-B39E-1E7CCD056E54}.Release|Any CPU.ActiveCfg = Release|Any CPU
		{F1AB6B46-89FC-4A99-B39E-1E7CCD056E54}.Release|Any CPU.Build.0 = Release|Any CPU
		{8C7973F8-564A-4484-938F-09A02616E5EA}.Debug|Any CPU.ActiveCfg = Debug|Any CPU
		{8C7973F8-564A-4484-938F-09A02616E5EA}.Debug|Any CPU.Build.0 = Debug|Any CPU
		{8C7973F8-564A-4484-938F-09A02616E5EA}.Release|Any CPU.ActiveCfg = Release|Any CPU
		{8C7973F8-564A-4484-938F-09A02616E5EA}.Release|Any CPU.Build.0 = Release|Any CPU
	EndGlobalSection
	GlobalSection(SolutionProperties) = preSolution
		HideSolutionNode = FALSE
	EndGlobalSection
	GlobalSection(ExtensibilityGlobals) = postSolution
		SolutionGuid = {805E194F-4585-4EB4-8FDE-81528A45A708}
	EndGlobalSection
EndGlobal
